github.com/howeyc/fsnotify v0.9.0 h1:0gtV5JmOKH4A8SsFxG2BczSeXWWPvcMT0euZt5gDAxY=
github.com/howeyc/fsnotify v0.9.0/go.mod h1:41HzSPxBGeFRQKEEwgh49TRw/nKBsYZ2cF1OzPjSJsA=
github.com/shiyanhui/hero v0.0.2 h1:RF8fwiIeWbVsdki8LCS905pxLjCQbOz/NcKE0g1ZOJc=
github.com/shiyanhui/hero v0.0.2/go.mod h1:aBlyf5bmklQfvOmVQm5i04lIGFY7t2QYIJdqEMNGJZM=
